
Microsoft Visual Studio Solution File, Format Version 12.00
# Visual Studio Version 16
VisualStudioVersion = 16.0.29418.71
MinimumVisualStudioVersion = 10.0.40219.1
Project("{2150E333-8FDC-42A3-9474-1A3956D46DE8}") = "Core", "Core", "{2E25021C-5147-45C2-9AF7-3149669ACD80}"
EndProject
Project("{2150E333-8FDC-42A3-9474-1A3956D46DE8}") = "Presentation", "Presentation", "{8B099E84-3A50-4491-B8F2-081F6534B64C}"
EndProject
Project("{9A19103F-16F7-4668-BE54-9A1E7A4F7556}") = "TBBProject.Web", "Presentation\TBBProject.Web\TBBProject.Web.csproj", "{45C22F6C-768B-4EF1-AD18-252F05577309}"
EndProject
Project("{9A19103F-16F7-4668-BE54-9A1E7A4F7556}") = "TBBProject.Core.Common", "Core\TBBProject.Core.Common\TBBProject.Core.Common.csproj", "{48C2F512-E9F6-4549-ADEA-1B49C8233145}"
EndProject
Project("{9A19103F-16F7-4668-BE54-9A1E7A4F7556}") = "TBBProject.Core.Logging", "Core\TBBProject.Core.Logging\TBBProject.Core.Logging.csproj", "{00F41B24-BD76-44BF-A48D-55926A6AB6BE}"
EndProject
Project("{9A19103F-16F7-4668-BE54-9A1E7A4F7556}") = "TBBProject.Core.Caching", "Core\TBBProject.Core.Caching\TBBProject.Core.Caching.csproj", "{6CD383C2-531A-445F-AD4A-9B058E536E5E}"
EndProject
Project("{9A19103F-16F7-4668-BE54-9A1E7A4F7556}") = "TBBProject.Core.Web", "Core\TBBProject.Core.Web\TBBProject.Core.Web.csproj", "{55C1DAC5-9BBD-494B-9133-6FBDD23DD0B4}"
EndProject
Project("{9A19103F-16F7-4668-BE54-9A1E7A4F7556}") = "TBBProject.Core.Data", "Core\TBBProject.Core.Data\TBBProject.Core.Data.csproj", "{10EF5E26-7165-4816-B9BC-A6072EA7A8BC}"
EndProject
Project("{9A19103F-16F7-4668-BE54-9A1E7A4F7556}") = "TBBProject.Core.Data.Domain", "Core\TBBProject.Core.Data.Domain\TBBProject.Core.Data.Domain.csproj", "{030E4ABC-836E-434E-A89B-626112AC07A6}"
EndProject
Project("{9A19103F-16F7-4668-BE54-9A1E7A4F7556}") = "TBBProject.Core.Localization", "Core\TBBProject.Core.Localization\TBBProject.Core.Localization.csproj", "{3EB61B80-A607-487D-BB8E-4C0C09CEB227}"
EndProject
Project("{9A19103F-16F7-4668-BE54-9A1E7A4F7556}") = "TBBProject.Core.Services", "Core\TBBProject.Core.Services\TBBProject.Core.Services.csproj", "{6950A1E5-EC62-4E68-9946-106EC179CEFB}"
EndProject
Project("{2150E333-8FDC-42A3-9474-1A3956D46DE8}") = "admin", "admin", "{BECD60C1-FBDE-4B3D-8926-846689528BEF}"
EndProject
Project("{9A19103F-16F7-4668-BE54-9A1E7A4F7556}") = "TBBProject.Admin.Web", "Admin\TBBProject.Admin.Web\TBBProject.Admin.Web.csproj", "{C84C7083-17C8-47B5-980C-B61762DD9B9A}"
EndProject
Project("{2150E333-8FDC-42A3-9474-1A3956D46DE8}") = "Business", "Business", "{4300AD5D-467C-4F35-AE04-A4BC71C82148}"
EndProject
Project("{2150E333-8FDC-42A3-9474-1A3956D46DE8}") = "DataLayer", "DataLayer", "{3C83B625-E47F-4AFA-9901-7D90F3B4B98E}"
EndProject
Project("{9A19103F-16F7-4668-BE54-9A1E7A4F7556}") = "TBBProject.Core.Business", "Business\TBBProject.Core.Business\TBBProject.Core.Business.csproj", "{2BFCEAA7-EE03-41E8-8013-4CC784AB644B}"
EndProject
Project("{9A19103F-16F7-4668-BE54-9A1E7A4F7556}") = "TBBProject.Core.BusinessContracts", "Business\TBBProject.Core.BusinessContracts\TBBProject.Core.BusinessContracts.csproj", "{2DFC6437-EF5B-4E21-8C57-4B3406B4886D}"
EndProject
Project("{9A19103F-16F7-4668-BE54-9A1E7A4F7556}") = "TBBProject.Core.DataLayer", "Datalayer\TBBProject.Core.Data\TBBProject.Core.DataLayer.csproj", "{C0484498-07AC-4BB4-887F-9D142CB86C0E}"
EndProject
Project("{9A19103F-16F7-4668-BE54-9A1E7A4F7556}") = "TBBProject.Core.DataContracts", "Datalayer\TBBProject.Core.DataContracts\TBBProject.Core.DataContracts.csproj", "{639AC30A-8D06-44B2-8E9C-1EF6CCC3E655}"
EndProject
Global
	GlobalSection(SolutionConfigurationPlatforms) = preSolution
		Debug|Any CPU = Debug|Any CPU
		Release|Any CPU = Release|Any CPU
	EndGlobalSection
	GlobalSection(ProjectConfigurationPlatforms) = postSolution
		{45C22F6C-768B-4EF1-AD18-252F05577309}.Debug|Any CPU.ActiveCfg = Debug|Any CPU
		{45C22F6C-768B-4EF1-AD18-252F05577309}.Debug|Any CPU.Build.0 = Debug|Any CPU
		{45C22F6C-768B-4EF1-AD18-252F05577309}.Release|Any CPU.ActiveCfg = Release|Any CPU
		{45C22F6C-768B-4EF1-AD18-252F05577309}.Release|Any CPU.Build.0 = Release|Any CPU
		{48C2F512-E9F6-4549-ADEA-1B49C8233145}.Debug|Any CPU.ActiveCfg = Debug|Any CPU
		{48C2F512-E9F6-4549-ADEA-1B49C8233145}.Debug|Any CPU.Build.0 = Debug|Any CPU
		{48C2F512-E9F6-4549-ADEA-1B49C8233145}.Release|Any CPU.ActiveCfg = Release|Any CPU
		{48C2F512-E9F6-4549-ADEA-1B49C8233145}.Release|Any CPU.Build.0 = Release|Any CPU
		{00F41B24-BD76-44BF-A48D-55926A6AB6BE}.Debug|Any CPU.ActiveCfg = Debug|Any CPU
		{00F41B24-BD76-44BF-A48D-55926A6AB6BE}.Debug|Any CPU.Build.0 = Debug|Any CPU
		{00F41B24-BD76-44BF-A48D-55926A6AB6BE}.Release|Any CPU.ActiveCfg = Release|Any CPU
		{00F41B24-BD76-44BF-A48D-55926A6AB6BE}.Release|Any CPU.Build.0 = Release|Any CPU
		{6CD383C2-531A-445F-AD4A-9B058E536E5E}.Debug|Any CPU.ActiveCfg = Debug|Any CPU
		{6CD383C2-531A-445F-AD4A-9B058E536E5E}.Debug|Any CPU.Build.0 = Debug|Any CPU
		{6CD383C2-531A-445F-AD4A-9B058E536E5E}.Release|Any CPU.ActiveCfg = Release|Any CPU
		{6CD383C2-531A-445F-AD4A-9B058E536E5E}.Release|Any CPU.Build.0 = Release|Any CPU
		{55C1DAC5-9BBD-494B-9133-6FBDD23DD0B4}.Debug|Any CPU.ActiveCfg = Debug|Any CPU
		{55C1DAC5-9BBD-494B-9133-6FBDD23DD0B4}.Debug|Any CPU.Build.0 = Debug|Any CPU
		{55C1DAC5-9BBD-494B-9133-6FBDD23DD0B4}.Release|Any CPU.ActiveCfg = Release|Any CPU
		{55C1DAC5-9BBD-494B-9133-6FBDD23DD0B4}.Release|Any CPU.Build.0 = Release|Any CPU
		{10EF5E26-7165-4816-B9BC-A6072EA7A8BC}.Debug|Any CPU.ActiveCfg = Debug|Any CPU
		{10EF5E26-7165-4816-B9BC-A6072EA7A8BC}.Debug|Any CPU.Build.0 = Debug|Any CPU
		{10EF5E26-7165-4816-B9BC-A6072EA7A8BC}.Release|Any CPU.ActiveCfg = Release|Any CPU
		{10EF5E26-7165-4816-B9BC-A6072EA7A8BC}.Release|Any CPU.Build.0 = Release|Any CPU
		{030E4ABC-836E-434E-A89B-626112AC07A6}.Debug|Any CPU.ActiveCfg = Debug|Any CPU
		{030E4ABC-836E-434E-A89B-626112AC07A6}.Debug|Any CPU.Build.0 = Debug|Any CPU
		{030E4ABC-836E-434E-A89B-626112AC07A6}.Release|Any CPU.ActiveCfg = Release|Any CPU
		{030E4ABC-836E-434E-A89B-626112AC07A6}.Release|Any CPU.Build.0 = Release|Any CPU
		{3EB61B80-A607-487D-BB8E-4C0C09CEB227}.Debug|Any CPU.ActiveCfg = Debug|Any CPU
		{3EB61B80-A607-487D-BB8E-4C0C09CEB227}.Debug|Any CPU.Build.0 = Debug|Any CPU
		{3EB61B80-A607-487D-BB8E-4C0C09CEB227}.Release|Any CPU.ActiveCfg = Release|Any CPU
		{3EB61B80-A607-487D-BB8E-4C0C09CEB227}.Release|Any CPU.Build.0 = Release|Any CPU
		{6950A1E5-EC62-4E68-9946-106EC179CEFB}.Debug|Any CPU.ActiveCfg = Debug|Any CPU
		{6950A1E5-EC62-4E68-9946-106EC179CEFB}.Debug|Any CPU.Build.0 = Debug|Any CPU
		{6950A1E5-EC62-4E68-9946-106EC179CEFB}.Release|Any CPU.ActiveCfg = Release|Any CPU
		{6950A1E5-EC62-4E68-9946-106EC179CEFB}.Release|Any CPU.Build.0 = Release|Any CPU
		{C84C7083-17C8-47B5-980C-B61762DD9B9A}.Debug|Any CPU.ActiveCfg = Debug|Any CPU
		{C84C7083-17C8-47B5-980C-B61762DD9B9A}.Debug|Any CPU.Build.0 = Debug|Any CPU
		{C84C7083-17C8-47B5-980C-B61762DD9B9A}.Release|Any CPU.ActiveCfg = Release|Any CPU
		{C84C7083-17C8-47B5-980C-B61762DD9B9A}.Release|Any CPU.Build.0 = Release|Any CPU
		{2BFCEAA7-EE03-41E8-8013-4CC784AB644B}.Debug|Any CPU.ActiveCfg = Debug|Any CPU
		{2BFCEAA7-EE03-41E8-8013-4CC784AB644B}.Debug|Any CPU.Build.0 = Debug|Any CPU
		{2BFCEAA7-EE03-41E8-8013-4CC784AB644B}.Release|Any CPU.ActiveCfg = Release|Any CPU
		{2BFCEAA7-EE03-41E8-8013-4CC784AB644B}.Release|Any CPU.Build.0 = Release|Any CPU
		{2DFC6437-EF5B-4E21-8C57-4B3406B4886D}.Debug|Any CPU.ActiveCfg = Debug|Any CPU
		{2DFC6437-EF5B-4E21-8C57-4B3406B4886D}.Debug|Any CPU.Build.0 = Debug|Any CPU
		{2DFC6437-EF5B-4E21-8C57-4B3406B4886D}.Release|Any CPU.ActiveCfg = Release|Any CPU
		{2DFC6437-EF5B-4E21-8C57-4B3406B4886D}.Release|Any CPU.Build.0 = Release|Any CPU
		{C0484498-07AC-4BB4-887F-9D142CB86C0E}.Debug|Any CPU.ActiveCfg = Debug|Any CPU
		{C0484498-07AC-4BB4-887F-9D142CB86C0E}.Debug|Any CPU.Build.0 = Debug|Any CPU
		{C0484498-07AC-4BB4-887F-9D142CB86C0E}.Release|Any CPU.ActiveCfg = Release|Any CPU
		{C0484498-07AC-4BB4-887F-9D142CB86C0E}.Release|Any CPU.Build.0 = Release|Any CPU
		{639AC30A-8D06-44B2-8E9C-1EF6CCC3E655}.Debug|Any CPU.ActiveCfg = Debug|Any CPU
		{639AC30A-8D06-44B2-8E9C-1EF6CCC3E655}.Debug|Any CPU.Build.0 = Debug|Any CPU
		{639AC30A-8D06-44B2-8E9C-1EF6CCC3E655}.Release|Any CPU.ActiveCfg = Release|Any CPU
		{639AC30A-8D06-44B2-8E9C-1EF6CCC3E655}.Release|Any CPU.Build.0 = Release|Any CPU
	EndGlobalSection
	GlobalSection(SolutionProperties) = preSolution
		HideSolutionNode = FALSE
	EndGlobalSection
	GlobalSection(NestedProjects) = preSolution
		{45C22F6C-768B-4EF1-AD18-252F05577309} = {8B099E84-3A50-4491-B8F2-081F6534B64C}
		{48C2F512-E9F6-4549-ADEA-1B49C8233145} = {2E25021C-5147-45C2-9AF7-3149669ACD80}
		{00F41B24-BD76-44BF-A48D-55926A6AB6BE} = {2E25021C-5147-45C2-9AF7-3149669ACD80}
		{6CD383C2-531A-445F-AD4A-9B058E536E5E} = {2E25021C-5147-45C2-9AF7-3149669ACD80}
		{55C1DAC5-9BBD-494B-9133-6FBDD23DD0B4} = {2E25021C-5147-45C2-9AF7-3149669ACD80}
		{10EF5E26-7165-4816-B9BC-A6072EA7A8BC} = {2E25021C-5147-45C2-9AF7-3149669ACD80}
		{030E4ABC-836E-434E-A89B-626112AC07A6} = {2E25021C-5147-45C2-9AF7-3149669ACD80}
		{3EB61B80-A607-487D-BB8E-4C0C09CEB227} = {2E25021C-5147-45C2-9AF7-3149669ACD80}
		{6950A1E5-EC62-4E68-9946-106EC179CEFB} = {2E25021C-5147-45C2-9AF7-3149669ACD80}
		{C84C7083-17C8-47B5-980C-B61762DD9B9A} = {BECD60C1-FBDE-4B3D-8926-846689528BEF}
		{2BFCEAA7-EE03-41E8-8013-4CC784AB644B} = {4300AD5D-467C-4F35-AE04-A4BC71C82148}
		{2DFC6437-EF5B-4E21-8C57-4B3406B4886D} = {4300AD5D-467C-4F35-AE04-A4BC71C82148}
		{C0484498-07AC-4BB4-887F-9D142CB86C0E} = {3C83B625-E47F-4AFA-9901-7D90F3B4B98E}
		{639AC30A-8D06-44B2-8E9C-1EF6CCC3E655} = {3C83B625-E47F-4AFA-9901-7D90F3B4B98E}
	EndGlobalSection
	GlobalSection(ExtensibilityGlobals) = postSolution
		SolutionGuid = {8AA3721A-0CFB-4C56-8806-0300A43A9B53}
	EndGlobalSection
EndGlobal
